
Microsoft Visual Studio Solution File, Format Version 12.00
# Visual Studio Version 17
VisualStudioVersion = 17.10.34707.107
MinimumVisualStudioVersion = 10.0.40219.1
Project("{9A19103F-16F7-4668-BE54-9A1E7A4F7556}") = "Telefonbuch.MApp", "Telefonbuch.MApp\Telefonbuch.MApp.csproj", "{ABD0F7EF-4C83-4031-874C-07186A29663C}"
EndProject
Project("{9A19103F-16F7-4668-BE54-9A1E7A4F7556}") = "Telefonbuch.Lib", "Telefonbuch.Lib\Telefonbuch.Lib.csproj", "{2C8BBD41-C9C9-4CF3-B78E-F397206252A8}"
EndProject
Project("{FAE04EC0-301F-11D3-BF4B-00C04F79EFBC}") = "Telefonbuch.Core", "Telefonbuch.Core\Telefonbuch.Core.csproj", "{57C03AD8-FD94-4978-AD4B-8CE109477277}"
EndProject
Global
	GlobalSection(SolutionConfigurationPlatforms) = preSolution
		Debug|Any CPU = Debug|Any CPU
		Release|Any CPU = Release|Any CPU
	EndGlobalSection
	GlobalSection(ProjectConfigurationPlatforms) = postSolution
		{ABD0F7EF-4C83-4031-874C-07186A29663C}.Debug|Any CPU.ActiveCfg = Debug|Any CPU
		{ABD0F7EF-4C83-4031-874C-07186A29663C}.Debug|Any CPU.Build.0 = Debug|Any CPU
		{ABD0F7EF-4C83-4031-874C-07186A29663C}.Debug|Any CPU.Deploy.0 = Debug|Any CPU
		{ABD0F7EF-4C83-4031-874C-07186A29663C}.Release|Any CPU.ActiveCfg = Release|Any CPU
		{ABD0F7EF-4C83-4031-874C-07186A29663C}.Release|Any CPU.Build.0 = Release|Any CPU
		{ABD0F7EF-4C83-4031-874C-07186A29663C}.Release|Any CPU.Deploy.0 = Release|Any CPU
		{2C8BBD41-C9C9-4CF3-B78E-F397206252A8}.Debug|Any CPU.ActiveCfg = Debug|Any CPU
		{2C8BBD41-C9C9-4CF3-B78E-F397206252A8}.Debug|Any CPU.Build.0 = Debug|Any CPU
		{2C8BBD41-C9C9-4CF3-B78E-F397206252A8}.Release|Any CPU.ActiveCfg = Release|Any CPU
		{2C8BBD41-C9C9-4CF3-B78E-F397206252A8}.Release|Any CPU.Build.0 = Release|Any CPU
		{57C03AD8-FD94-4978-AD4B-8CE109477277}.Debug|Any CPU.ActiveCfg = Debug|Any CPU
		{57C03AD8-FD94-4978-AD4B-8CE109477277}.Debug|Any CPU.Build.0 = Debug|Any CPU
		{57C03AD8-FD94-4978-AD4B-8CE109477277}.Release|Any CPU.ActiveCfg = Release|Any CPU
		{57C03AD8-FD94-4978-AD4B-8CE109477277}.Release|Any CPU.Build.0 = Release|Any CPU
	EndGlobalSection
	GlobalSection(SolutionProperties) = preSolution
		HideSolutionNode = FALSE
	EndGlobalSection
	GlobalSection(ExtensibilityGlobals) = postSolution
		SolutionGuid = {71B0A4AB-BD79-4523-8351-16AF289A1BE2}
	EndGlobalSection
EndGlobal
